
Microsoft Visual Studio Solution File, Format Version 12.00
# Visual Studio Version 17
VisualStudioVersion = 17.3.32819.101
MinimumVisualStudioVersion = 10.0.40219.1
Project("{FAE04EC0-301F-11D3-BF4B-00C04F79EFBC}") = "Inheritance_GameItems", "Inheritance_GameItems.csproj", "{5D6F6B36-9449-4039-83C3-507BAF2F0287}"
EndProject
Global
	GlobalSection(SolutionConfigurationPlatforms) = preSolution
		Debug|Any CPU = Debug|Any CPU
		Release|Any CPU = Release|Any CPU
	EndGlobalSection
	GlobalSection(ProjectConfigurationPlatforms) = postSolution
		{5D6F6B36-9449-4039-83C3-507BAF2F0287}.Debug|Any CPU.ActiveCfg = Debug|Any CPU
		{5D6F6B36-9449-4039-83C3-507BAF2F0287}.Debug|Any CPU.Build.0 = Debug|Any CPU
		{5D6F6B36-9449-4039-83C3-507BAF2F0287}.Release|Any CPU.ActiveCfg = Release|Any CPU
		{5D6F6B36-9449-4039-83C3-507BAF2F0287}.Release|Any CPU.Build.0 = Release|Any CPU
	EndGlobalSection
	GlobalSection(SolutionProperties) = preSolution
		HideSolutionNode = FALSE
	EndGlobalSection
	GlobalSection(ExtensibilityGlobals) = postSolution
		SolutionGuid = {33F67949-2C7C-447E-9C63-37E1DE29F8E8}
	EndGlobalSection
EndGlobal
