
Microsoft Visual Studio Solution File, Format Version 12.00
# Visual Studio Version 17
VisualStudioVersion = 17.3.32819.101
MinimumVisualStudioVersion = 10.0.40219.1
Project("{FAE04EC0-301F-11D3-BF4B-00C04F79EFBC}") = "Classes_Fields_Constructors", "Classes_Fields_Constructors.csproj", "{126A8475-6A95-4197-B401-F47CD0D7FC08}"
EndProject
Global
	GlobalSection(SolutionConfigurationPlatforms) = preSolution
		Debug|Any CPU = Debug|Any CPU
		Release|Any CPU = Release|Any CPU
	EndGlobalSection
	GlobalSection(ProjectConfigurationPlatforms) = postSolution
		{126A8475-6A95-4197-B401-F47CD0D7FC08}.Debug|Any CPU.ActiveCfg = Debug|Any CPU
		{126A8475-6A95-4197-B401-F47CD0D7FC08}.Debug|Any CPU.Build.0 = Debug|Any CPU
		{126A8475-6A95-4197-B401-F47CD0D7FC08}.Release|Any CPU.ActiveCfg = Release|Any CPU
		{126A8475-6A95-4197-B401-F47CD0D7FC08}.Release|Any CPU.Build.0 = Release|Any CPU
	EndGlobalSection
	GlobalSection(SolutionProperties) = preSolution
		HideSolutionNode = FALSE
	EndGlobalSection
	GlobalSection(ExtensibilityGlobals) = postSolution
		SolutionGuid = {17013BB5-2377-4E7A-9793-98D16FF787B6}
	EndGlobalSection
EndGlobal
