
Microsoft Visual Studio Solution File, Format Version 12.00
# Visual Studio Version 17
VisualStudioVersion = 17.3.32819.101
MinimumVisualStudioVersion = 10.0.40219.1
Project("{FAE04EC0-301F-11D3-BF4B-00C04F79EFBC}") = "ArraysofObjects", "ArraysofObjects.csproj", "{F85A3E1B-F5E3-4DEF-88FF-214ACE2BBCC3}"
EndProject
Global
	GlobalSection(SolutionConfigurationPlatforms) = preSolution
		Debug|Any CPU = Debug|Any CPU
		Release|Any CPU = Release|Any CPU
	EndGlobalSection
	GlobalSection(ProjectConfigurationPlatforms) = postSolution
		{F85A3E1B-F5E3-4DEF-88FF-214ACE2BBCC3}.Debug|Any CPU.ActiveCfg = Debug|Any CPU
		{F85A3E1B-F5E3-4DEF-88FF-214ACE2BBCC3}.Debug|Any CPU.Build.0 = Debug|Any CPU
		{F85A3E1B-F5E3-4DEF-88FF-214ACE2BBCC3}.Release|Any CPU.ActiveCfg = Release|Any CPU
		{F85A3E1B-F5E3-4DEF-88FF-214ACE2BBCC3}.Release|Any CPU.Build.0 = Release|Any CPU
	EndGlobalSection
	GlobalSection(SolutionProperties) = preSolution
		HideSolutionNode = FALSE
	EndGlobalSection
	GlobalSection(ExtensibilityGlobals) = postSolution
		SolutionGuid = {834266DD-8E33-4988-BB8C-39D6036B599A}
	EndGlobalSection
EndGlobal
