
Microsoft Visual Studio Solution File, Format Version 12.00
# Visual Studio Version 17
VisualStudioVersion = 17.3.32819.101
MinimumVisualStudioVersion = 10.0.40219.1
Project("{FAE04EC0-301F-11D3-BF4B-00C04F79EFBC}") = "ArrayAlgorithms", "ArrayAlgorithms.csproj", "{A47CAC67-A6A5-42DF-B8B6-EF8B5B8E55FD}"
EndProject
Global
	GlobalSection(SolutionConfigurationPlatforms) = preSolution
		Debug|Any CPU = Debug|Any CPU
		Release|Any CPU = Release|Any CPU
	EndGlobalSection
	GlobalSection(ProjectConfigurationPlatforms) = postSolution
		{A47CAC67-A6A5-42DF-B8B6-EF8B5B8E55FD}.Debug|Any CPU.ActiveCfg = Debug|Any CPU
		{A47CAC67-A6A5-42DF-B8B6-EF8B5B8E55FD}.Debug|Any CPU.Build.0 = Debug|Any CPU
		{A47CAC67-A6A5-42DF-B8B6-EF8B5B8E55FD}.Release|Any CPU.ActiveCfg = Release|Any CPU
		{A47CAC67-A6A5-42DF-B8B6-EF8B5B8E55FD}.Release|Any CPU.Build.0 = Release|Any CPU
	EndGlobalSection
	GlobalSection(SolutionProperties) = preSolution
		HideSolutionNode = FALSE
	EndGlobalSection
	GlobalSection(ExtensibilityGlobals) = postSolution
		SolutionGuid = {79ACD2D0-B81D-4F51-8AA9-76B5901658F4}
	EndGlobalSection
EndGlobal
