
Microsoft Visual Studio Solution File, Format Version 12.00
# Visual Studio Version 17
VisualStudioVersion = 17.3.32819.101
MinimumVisualStudioVersion = 10.0.40219.1
Project("{FAE04EC0-301F-11D3-BF4B-00C04F79EFBC}") = "ClassMethods", "ClassMethods.csproj", "{BDCCB835-4495-40AB-AC20-3E899CDAFCF5}"
EndProject
Global
	GlobalSection(SolutionConfigurationPlatforms) = preSolution
		Debug|Any CPU = Debug|Any CPU
		Release|Any CPU = Release|Any CPU
	EndGlobalSection
	GlobalSection(ProjectConfigurationPlatforms) = postSolution
		{BDCCB835-4495-40AB-AC20-3E899CDAFCF5}.Debug|Any CPU.ActiveCfg = Debug|Any CPU
		{BDCCB835-4495-40AB-AC20-3E899CDAFCF5}.Debug|Any CPU.Build.0 = Debug|Any CPU
		{BDCCB835-4495-40AB-AC20-3E899CDAFCF5}.Release|Any CPU.ActiveCfg = Release|Any CPU
		{BDCCB835-4495-40AB-AC20-3E899CDAFCF5}.Release|Any CPU.Build.0 = Release|Any CPU
	EndGlobalSection
	GlobalSection(SolutionProperties) = preSolution
		HideSolutionNode = FALSE
	EndGlobalSection
	GlobalSection(ExtensibilityGlobals) = postSolution
		SolutionGuid = {32F67E7D-6143-4C3F-877D-A4A4979A40F9}
	EndGlobalSection
EndGlobal
