
Microsoft Visual Studio Solution File, Format Version 12.00
# Visual Studio Version 16
VisualStudioVersion = 16.0.31613.86
MinimumVisualStudioVersion = 10.0.40219.1
Project("{FAE04EC0-301F-11D3-BF4B-00C04F79EFBC}") = "SimpleTextFileIO_Demo", "SimpleTextFileIO_Demo.csproj", "{FA0AA926-A9F7-4283-88CE-A66733CBBA8C}"
EndProject
Global
	GlobalSection(SolutionConfigurationPlatforms) = preSolution
		Debug|Any CPU = Debug|Any CPU
		Release|Any CPU = Release|Any CPU
	EndGlobalSection
	GlobalSection(ProjectConfigurationPlatforms) = postSolution
		{FA0AA926-A9F7-4283-88CE-A66733CBBA8C}.Debug|Any CPU.ActiveCfg = Debug|Any CPU
		{FA0AA926-A9F7-4283-88CE-A66733CBBA8C}.Debug|Any CPU.Build.0 = Debug|Any CPU
		{FA0AA926-A9F7-4283-88CE-A66733CBBA8C}.Release|Any CPU.ActiveCfg = Release|Any CPU
		{FA0AA926-A9F7-4283-88CE-A66733CBBA8C}.Release|Any CPU.Build.0 = Release|Any CPU
	EndGlobalSection
	GlobalSection(SolutionProperties) = preSolution
		HideSolutionNode = FALSE
	EndGlobalSection
	GlobalSection(ExtensibilityGlobals) = postSolution
		SolutionGuid = {D76D6D5F-2ED9-44D3-970E-623C79B25D78}
	EndGlobalSection
EndGlobal
