
Microsoft Visual Studio Solution File, Format Version 12.00
# Visual Studio Version 17
VisualStudioVersion = 17.3.32819.101
MinimumVisualStudioVersion = 10.0.40219.1
Project("{FAE04EC0-301F-11D3-BF4B-00C04F79EFBC}") = "MultidimensionalJaggedArrays", "MultidimensionalJaggedArrays.csproj", "{A877E111-86F5-4EE5-9A72-540263F9A3F6}"
EndProject
Global
	GlobalSection(SolutionConfigurationPlatforms) = preSolution
		Debug|Any CPU = Debug|Any CPU
		Release|Any CPU = Release|Any CPU
	EndGlobalSection
	GlobalSection(ProjectConfigurationPlatforms) = postSolution
		{A877E111-86F5-4EE5-9A72-540263F9A3F6}.Debug|Any CPU.ActiveCfg = Debug|Any CPU
		{A877E111-86F5-4EE5-9A72-540263F9A3F6}.Debug|Any CPU.Build.0 = Debug|Any CPU
		{A877E111-86F5-4EE5-9A72-540263F9A3F6}.Release|Any CPU.ActiveCfg = Release|Any CPU
		{A877E111-86F5-4EE5-9A72-540263F9A3F6}.Release|Any CPU.Build.0 = Release|Any CPU
	EndGlobalSection
	GlobalSection(SolutionProperties) = preSolution
		HideSolutionNode = FALSE
	EndGlobalSection
	GlobalSection(ExtensibilityGlobals) = postSolution
		SolutionGuid = {47EEB6DD-0267-4DF5-B7ED-0DB2AAB3D7CD}
	EndGlobalSection
EndGlobal
