
Microsoft Visual Studio Solution File, Format Version 12.00
# Visual Studio Version 17
VisualStudioVersion = 17.3.32819.101
MinimumVisualStudioVersion = 10.0.40219.1
Project("{FAE04EC0-301F-11D3-BF4B-00C04F79EFBC}") = "106_Review", "106_Review.csproj", "{DE9DC82A-1FEE-489C-8B14-14F051232A0F}"
EndProject
Global
	GlobalSection(SolutionConfigurationPlatforms) = preSolution
		Debug|Any CPU = Debug|Any CPU
		Release|Any CPU = Release|Any CPU
	EndGlobalSection
	GlobalSection(ProjectConfigurationPlatforms) = postSolution
		{DE9DC82A-1FEE-489C-8B14-14F051232A0F}.Debug|Any CPU.ActiveCfg = Debug|Any CPU
		{DE9DC82A-1FEE-489C-8B14-14F051232A0F}.Debug|Any CPU.Build.0 = Debug|Any CPU
		{DE9DC82A-1FEE-489C-8B14-14F051232A0F}.Release|Any CPU.ActiveCfg = Release|Any CPU
		{DE9DC82A-1FEE-489C-8B14-14F051232A0F}.Release|Any CPU.Build.0 = Release|Any CPU
	EndGlobalSection
	GlobalSection(SolutionProperties) = preSolution
		HideSolutionNode = FALSE
	EndGlobalSection
	GlobalSection(ExtensibilityGlobals) = postSolution
		SolutionGuid = {ECB26E8C-9EE3-4525-87CF-B46815C218F0}
	EndGlobalSection
EndGlobal
